// !$*UTF8*$!
{
	archiveVersion = 1;
	classes = {
	};
	objectVersion = 46;
	objects = {

/* Begin PBXBuildFile section */
		8A845D641D70F78800896ADE /* AppDelegate.swift in Sources */ = {isa = PBXBuildFile; fileRef = 8A845D631D70F78800896ADE /* AppDelegate.swift */; };
		8A845D661D70F78800896ADE /* ViewController.swift in Sources */ = {isa = PBXBuildFile; fileRef = 8A845D651D70F78800896ADE /* ViewController.swift */; };
		8A845D691D70F78800896ADE /* Main.storyboard in Resources */ = {isa = PBXBuildFile; fileRef = 8A845D671D70F78800896ADE /* Main.storyboard */; };
		8A845D6B1D70F78800896ADE /* Assets.xcassets in Resources */ = {isa = PBXBuildFile; fileRef = 8A845D6A1D70F78800896ADE /* Assets.xcassets */; };
		8A845D6E1D70F78800896ADE /* LaunchScreen.storyboard in Resources */ = {isa = PBXBuildFile; fileRef = 8A845D6C1D70F78800896ADE /* LaunchScreen.storyboard */; };
		8A845D781D70F7A100896ADE /* FBSDKCoreKit.framework in Frameworks */ = {isa = PBXBuildFile; fileRef = 8A845D751D70F7A100896ADE /* FBSDKCoreKit.framework */; };
		8A845D791D70F7A100896ADE /* FBSDKLoginKit.framework in Frameworks */ = {isa = PBXBuildFile; fileRef = 8A845D761D70F7A100896ADE /* FBSDKLoginKit.framework */; };
		8A845D7A1D70F7A100896ADE /* FBSDKShareKit.framework in Frameworks */ = {isa = PBXBuildFile; fileRef = 8A845D771D70F7A100896ADE /* FBSDKShareKit.framework */; };
		8AA58AA91D75F53C00A066FD /* ListUserPhotosViewController.swift in Sources */ = {isa = PBXBuildFile; fileRef = 8AA58AA81D75F53C00A066FD /* ListUserPhotosViewController.swift */; };
		8AB65D661D7504BF00EDEFA3 /* ListFriendsViewController.swift in Sources */ = {isa = PBXBuildFile; fileRef = 8AB65D651D7504BF00EDEFA3 /* ListFriendsViewController.swift */; };
		8AD4F2DF1D74F1DA002FC12D /* MainMenuViewController.swift in Sources */ = {isa = PBXBuildFile; fileRef = 8AD4F2DE1D74F1DA002FC12D /* MainMenuViewController.swift */; };
		8AD4F2E11D74F5BC002FC12D /* InviteFriendsViewController.swift in Sources */ = {isa = PBXBuildFile; fileRef = 8AD4F2E01D74F5BC002FC12D /* InviteFriendsViewController.swift */; };
		8AD4F2E31D74F70C002FC12D /* FetchUserProfileController.swift in Sources */ = {isa = PBXBuildFile; fileRef = 8AD4F2E21D74F70C002FC12D /* FetchUserProfileController.swift */; };
		945415311D737102003B51E8 /* Bolts.framework in Frameworks */ = {isa = PBXBuildFile; fileRef = 945415301D737102003B51E8 /* Bolts.framework */; };
/* End PBXBuildFile section */

/* Begin PBXFileReference section */
		8A845D601D70F78800896ADE /* SocialApp.app */ = {isa = PBXFileReference; explicitFileType = wrapper.application; includeInIndex = 0; path = SocialApp.app; sourceTree = BUILT_PRODUCTS_DIR; };
		8A845D631D70F78800896ADE /* AppDelegate.swift */ = {isa = PBXFileReference; lastKnownFileType = sourcecode.swift; path = AppDelegate.swift; sourceTree = "<group>"; };
		8A845D651D70F78800896ADE /* ViewController.swift */ = {isa = PBXFileReference; lastKnownFileType = sourcecode.swift; path = ViewController.swift; sourceTree = "<group>"; };
		8A845D681D70F78800896ADE /* Base */ = {isa = PBXFileReference; lastKnownFileType = file.storyboard; name = Base; path = Base.lproj/Main.storyboard; sourceTree = "<group>"; };
		8A845D6A1D70F78800896ADE /* Assets.xcassets */ = {isa = PBXFileReference; lastKnownFileType = folder.assetcatalog; path = Assets.xcassets; sourceTree = "<group>"; };
		8A845D6D1D70F78800896ADE /* Base */ = {isa = PBXFileReference; lastKnownFileType = file.storyboard; name = Base; path = Base.lproj/LaunchScreen.storyboard; sourceTree = "<group>"; };
		8A845D6F1D70F78800896ADE /* Info.plist */ = {isa = PBXFileReference; lastKnownFileType = text.plist.xml; path = Info.plist; sourceTree = "<group>"; };
		8A845D751D70F7A100896ADE /* FBSDKCoreKit.framework */ = {isa = PBXFileReference; lastKnownFileType = wrapper.framework; path = FBSDKCoreKit.framework; sourceTree = "<group>"; };
		8A845D761D70F7A100896ADE /* FBSDKLoginKit.framework */ = {isa = PBXFileReference; lastKnownFileType = wrapper.framework; path = FBSDKLoginKit.framework; sourceTree = "<group>"; };
		8A845D771D70F7A100896ADE /* FBSDKShareKit.framework */ = {isa = PBXFileReference; lastKnownFileType = wrapper.framework; path = FBSDKShareKit.framework; sourceTree = "<group>"; };
		8AA58AA81D75F53C00A066FD /* ListUserPhotosViewController.swift */ = {isa = PBXFileReference; fileEncoding = 4; lastKnownFileType = sourcecode.swift; path = ListUserPhotosViewController.swift; sourceTree = "<group>"; };
		8AB65D651D7504BF00EDEFA3 /* ListFriendsViewController.swift */ = {isa = PBXFileReference; fileEncoding = 4; lastKnownFileType = sourcecode.swift; path = ListFriendsViewController.swift; sourceTree = "<group>"; };
		8AD4F2DE1D74F1DA002FC12D /* MainMenuViewController.swift */ = {isa = PBXFileReference; fileEncoding = 4; lastKnownFileType = sourcecode.swift; path = MainMenuViewController.swift; sourceTree = "<group>"; };
		8AD4F2E01D74F5BC002FC12D /* InviteFriendsViewController.swift */ = {isa = PBXFileReference; fileEncoding = 4; lastKnownFileType = sourcecode.swift; path = InviteFriendsViewController.swift; sourceTree = "<group>"; };
		8AD4F2E21D74F70C002FC12D /* FetchUserProfileController.swift */ = {isa = PBXFileReference; fileEncoding = 4; lastKnownFileType = sourcecode.swift; path = FetchUserProfileController.swift; sourceTree = "<group>"; };
		945415301D737102003B51E8 /* Bolts.framework */ = {isa = PBXFileReference; lastKnownFileType = wrapper.framework; path = Bolts.framework; sourceTree = "<group>"; };
/* End PBXFileReference section */

/* Begin PBXFrameworksBuildPhase section */
		8A845D5D1D70F78800896ADE /* Frameworks */ = {
			isa = PBXFrameworksBuildPhase;
			buildActionMask = 2147483647;
			files = (
				8A845D791D70F7A100896ADE /* FBSDKLoginKit.framework in Frameworks */,
				8A845D781D70F7A100896ADE /* FBSDKCoreKit.framework in Frameworks */,
				8A845D7A1D70F7A100896ADE /* FBSDKShareKit.framework in Frameworks */,
				945415311D737102003B51E8 /* Bolts.framework in Frameworks */,
			);
			runOnlyForDeploymentPostprocessing = 0;
		};
/* End PBXFrameworksBuildPhase section */

/* Begin PBXGroup section */
		8A845D571D70F78800896ADE = {
			isa = PBXGroup;
			children = (
				945415301D737102003B51E8 /* Bolts.framework */,
				8A845D751D70F7A100896ADE /* FBSDKCoreKit.framework */,
				8A845D761D70F7A100896ADE /* FBSDKLoginKit.framework */,
				8A845D771D70F7A100896ADE /* FBSDKShareKit.framework */,
				8A845D621D70F78800896ADE /* SocialApp */,
				8A845D611D70F78800896ADE /* Products */,
			);
			sourceTree = "<group>";
		};
		8A845D611D70F78800896ADE /* Products */ = {
			isa = PBXGroup;
			children = (
				8A845D601D70F78800896ADE /* SocialApp.app */,
			);
			name = Products;
			sourceTree = "<group>";
		};
		8A845D621D70F78800896ADE /* SocialApp */ = {
			isa = PBXGroup;
			children = (
				8A845D631D70F78800896ADE /* AppDelegate.swift */,
				8AD4F2DE1D74F1DA002FC12D /* MainMenuViewController.swift */,
				8AD4F2E01D74F5BC002FC12D /* InviteFriendsViewController.swift */,
				8AD4F2E21D74F70C002FC12D /* FetchUserProfileController.swift */,
				8AB65D651D7504BF00EDEFA3 /* ListFriendsViewController.swift */,
				8AA58AA81D75F53C00A066FD /* ListUserPhotosViewController.swift */,
				8A845D651D70F78800896ADE /* ViewController.swift */,
				8A845D671D70F78800896ADE /* Main.storyboard */,
				8A845D6A1D70F78800896ADE /* Assets.xcassets */,
				8A845D6C1D70F78800896ADE /* LaunchScreen.storyboard */,
				8A845D6F1D70F78800896ADE /* Info.plist */,
			);
			path = SocialApp;
			sourceTree = "<group>";
		};
/* End PBXGroup section */

/* Begin PBXNativeTarget section */
		8A845D5F1D70F78800896ADE /* SocialApp */ = {
			isa = PBXNativeTarget;
			buildConfigurationList = 8A845D721D70F78800896ADE /* Build configuration list for PBXNativeTarget "SocialApp" */;
			buildPhases = (
				8A845D5C1D70F78800896ADE /* Sources */,
				8A845D5D1D70F78800896ADE /* Frameworks */,
				8A845D5E1D70F78800896ADE /* Resources */,
			);
			buildRules = (
			);
			dependencies = (
			);
			name = SocialApp;
			productName = SocialApp;
			productReference = 8A845D601D70F78800896ADE /* SocialApp.app */;
			productType = "com.apple.product-type.application";
		};
/* End PBXNativeTarget section */

/* Begin PBXProject section */
		8A845D581D70F78800896ADE /* Project object */ = {
			isa = PBXProject;
			attributes = {
				LastSwiftUpdateCheck = 0720;
				LastUpgradeCheck = 0720;
				ORGANIZATIONNAME = "Sergey Kargopolov";
				TargetAttributes = {
					8A845D5F1D70F78800896ADE = {
						CreatedOnToolsVersion = 7.2.1;
					};
				};
			};
			buildConfigurationList = 8A845D5B1D70F78800896ADE /* Build configuration list for PBXProject "SocialApp" */;
			compatibilityVersion = "Xcode 3.2";
			developmentRegion = English;
			hasScannedForEncodings = 0;
			knownRegions = (
				en,
				Base,
			);
			mainGroup = 8A845D571D70F78800896ADE;
			productRefGroup = 8A845D611D70F78800896ADE /* Products */;
			projectDirPath = "";
			projectRoot = "";
			targets = (
				8A845D5F1D70F78800896ADE /* SocialApp */,
			);
		};
/* End PBXProject section */

/* Begin PBXResourcesBuildPhase section */
		8A845D5E1D70F78800896ADE /* Resources */ = {
			isa = PBXResourcesBuildPhase;
			buildActionMask = 2147483647;
			files = (
				8A845D6E1D70F78800896ADE /* LaunchScreen.storyboard in Resources */,
				8A845D6B1D70F78800896ADE /* Assets.xcassets in Resources */,
				8A845D691D70F78800896ADE /* Main.storyboard in Resources */,
			);
			runOnlyForDeploymentPostprocessing = 0;
		};
/* End PBXResourcesBuildPhase section */

/* Begin PBXSourcesBuildPhase section */
		8A845D5C1D70F78800896ADE /* Sources */ = {
			isa = PBXSourcesBuildPhase;
			buildActionMask = 2147483647;
			files = (
				8AB65D661D7504BF00EDEFA3 /* ListFriendsViewController.swift in Sources */,
				8AD4F2DF1D74F1DA002FC12D /* MainMenuViewController.swift in Sources */,
				8AA58AA91D75F53C00A066FD /* ListUserPhotosViewController.swift in Sources */,
				8A845D661D70F78800896ADE /* ViewController.swift in Sources */,
				8A845D641D70F78800896ADE /* AppDelegate.swift in Sources */,
				8AD4F2E11D74F5BC002FC12D /* InviteFriendsViewController.swift in Sources */,
				8AD4F2E31D74F70C002FC12D /* FetchUserProfileController.swift in Sources */,
			);
			runOnlyForDeploymentPostprocessing = 0;
		};
/* End PBXSourcesBuildPhase section */

/* Begin PBXVariantGroup section */
		8A845D671D70F78800896ADE /* Main.storyboard */ = {
			isa = PBXVariantGroup;
			children = (
				8A845D681D70F78800896ADE /* Base */,
			);
			name = Main.storyboard;
			sourceTree = "<group>";
		};
		8A845D6C1D70F78800896ADE /* LaunchScreen.storyboard */ = {
			isa = PBXVariantGroup;
			children = (
				8A845D6D1D70F78800896ADE /* Base */,
			);
			name = LaunchScreen.storyboard;
			sourceTree = "<group>";
		};
/* End PBXVariantGroup section */

/* Begin XCBuildConfiguration section */
		8A845D701D70F78800896ADE /* Debug */ = {
			isa = XCBuildConfiguration;
			buildSettings = {
				ALWAYS_SEARCH_USER_PATHS = NO;
				CLANG_CXX_LANGUAGE_STANDARD = "gnu++0x";
				CLANG_CXX_LIBRARY = "libc++";
				CLANG_ENABLE_MODULES = YES;
				CLANG_ENABLE_OBJC_ARC = YES;
				CLANG_WARN_BOOL_CONVERSION = YES;
				CLANG_WARN_CONSTANT_CONVERSION = YES;
				CLANG_WARN_DIRECT_OBJC_ISA_USAGE = YES_ERROR;
				CLANG_WARN_EMPTY_BODY = YES;
				CLANG_WARN_ENUM_CONVERSION = YES;
				CLANG_WARN_INT_CONVERSION = YES;
				CLANG_WARN_OBJC_ROOT_CLASS = YES_ERROR;
				CLANG_WARN_UNREACHABLE_CODE = YES;
				CLANG_WARN__DUPLICATE_METHOD_MATCH = YES;
				"CODE_SIGN_IDENTITY[sdk=iphoneos*]" = "iPhone Developer";
				COPY_PHASE_STRIP = NO;
				DEBUG_INFORMATION_FORMAT = dwarf;
				ENABLE_STRICT_OBJC_MSGSEND = YES;
				ENABLE_TESTABILITY = YES;
				GCC_C_LANGUAGE_STANDARD = gnu99;
				GCC_DYNAMIC_NO_PIC = NO;
				GCC_NO_COMMON_BLOCKS = YES;
				GCC_OPTIMIZATION_LEVEL = 0;
				GCC_PREPROCESSOR_DEFINITIONS = (
					"DEBUG=1",
					"$(inherited)",
				);
				GCC_WARN_64_TO_32_BIT_CONVERSION = YES;
				GCC_WARN_ABOUT_RETURN_TYPE = YES_ERROR;
				GCC_WARN_UNDECLARED_SELECTOR = YES;
				GCC_WARN_UNINITIALIZED_AUTOS = YES_AGGRESSIVE;
				GCC_WARN_UNUSED_FUNCTION = YES;
				GCC_WARN_UNUSED_VARIABLE = YES;
				IPHONEOS_DEPLOYMENT_TARGET = 9.2;
				MTL_ENABLE_DEBUG_INFO = YES;
				ONLY_ACTIVE_ARCH = YES;
				SDKROOT = iphoneos;
				SWIFT_OPTIMIZATION_LEVEL = "-Onone";
			};
			name = Debug;
		};
		8A845D711D70F78800896ADE /* Release */ = {
			isa = XCBuildConfiguration;
			buildSettings = {
				ALWAYS_SEARCH_USER_PATHS = NO;
				CLANG_CXX_LANGUAGE_STANDARD = "gnu++0x";
				CLANG_CXX_LIBRARY = "libc++";
				CLANG_ENABLE_MODULES = YES;
				CLANG_ENABLE_OBJC_ARC = YES;
				CLANG_WARN_BOOL_CONVERSION = YES;
				CLANG_WARN_CONSTANT_CONVERSION = YES;
				CLANG_WARN_DIRECT_OBJC_ISA_USAGE = YES_ERROR;
				CLANG_WARN_EMPTY_BODY = YES;
				CLANG_WARN_ENUM_CONVERSION = YES;
				CLANG_WARN_INT_CONVERSION = YES;
				CLANG_WARN_OBJC_ROOT_CLASS = YES_ERROR;
				CLANG_WARN_UNREACHABLE_CODE = YES;
				CLANG_WARN__DUPLICATE_METHOD_MATCH = YES;
				"CODE_SIGN_IDENTITY[sdk=iphoneos*]" = "iPhone Developer";
				COPY_PHASE_STRIP = NO;
				DEBUG_INFORMATION_FORMAT = "dwarf-with-dsym";
				ENABLE_NS_ASSERTIONS = NO;
				ENABLE_STRICT_OBJC_MSGSEND = YES;
				GCC_C_LANGUAGE_STANDARD = gnu99;
				GCC_NO_COMMON_BLOCKS = YES;
				GCC_WARN_64_TO_32_BIT_CONVERSION = YES;
				GCC_WARN_ABOUT_RETURN_TYPE = YES_ERROR;
				GCC_WARN_UNDECLARED_SELECTOR = YES;
				GCC_WARN_UNINITIALIZED_AUTOS = YES_AGGRESSIVE;
				GCC_WARN_UNUSED_FUNCTION = YES;
				GCC_WARN_UNUSED_VARIABLE = YES;
				IPHONEOS_DEPLOYMENT_TARGET = 9.2;
				MTL_ENABLE_DEBUG_INFO = NO;
				SDKROOT = iphoneos;
				VALIDATE_PRODUCT = YES;
			};
			name = Release;
		};
		8A845D731D70F78800896ADE /* Debug */ = {
			isa = XCBuildConfiguration;
			buildSettings = {
				ASSETCATALOG_COMPILER_APPICON_NAME = AppIcon;
				FRAMEWORK_SEARCH_PATHS = (
					"$(inherited)",
					"$(PROJECT_DIR)",
				);
				INFOPLIST_FILE = SocialApp/Info.plist;
				LD_RUNPATH_SEARCH_PATHS = "$(inherited) @executable_path/Frameworks";
				PRODUCT_BUNDLE_IDENTIFIER = com.kargopolov.SocialApp;
				PRODUCT_NAME = "$(TARGET_NAME)";
			};
			name = Debug;
		};
		8A845D741D70F78800896ADE /* Release */ = {
			isa = XCBuildConfiguration;
			buildSettings = {
				ASSETCATALOG_COMPILER_APPICON_NAME = AppIcon;
				FRAMEWORK_SEARCH_PATHS = (
					"$(inherited)",
					"$(PROJECT_DIR)",
				);
				INFOPLIST_FILE = SocialApp/Info.plist;
				LD_RUNPATH_SEARCH_PATHS = "$(inherited) @executable_path/Frameworks";
				PRODUCT_BUNDLE_IDENTIFIER = com.kargopolov.SocialApp;
				PRODUCT_NAME = "$(TARGET_NAME)";
			};
			name = Release;
		};
/* End XCBuildConfiguration section */

/* Begin XCConfigurationList section */
		8A845D5B1D70F78800896ADE /* Build configuration list for PBXProject "SocialApp" */ = {
			isa = XCConfigurationList;
			buildConfigurations = (
				8A845D701D70F78800896ADE /* Debug */,
				8A845D711D70F78800896ADE /* Release */,
			);
			defaultConfigurationIsVisible = 0;
			defaultConfigurationName = Release;
		};
		8A845D721D70F78800896ADE /* Build configuration list for PBXNativeTarget "SocialApp" */ = {
			isa = XCConfigurationList;
			buildConfigurations = (
				8A845D731D70F78800896ADE /* Debug */,
				8A845D741D70F78800896ADE /* Release */,
			);
			defaultConfigurationIsVisible = 0;
			defaultConfigurationName = Release;
		};
/* End XCConfigurationList section */
	};
	rootObject = 8A845D581D70F78800896ADE /* Project object */;
}
